
Microsoft Visual Studio Solution File, Format Version 12.00
# Visual Studio 15
VisualStudioVersion = 15.0.28307.1062
MinimumVisualStudioVersion = 10.0.40219.1
Project("{FAE04EC0-301F-11D3-BF4B-00C04F79EFBC}") = "ConsoleApp1", "ConsoleApp1\ConsoleApp1.csproj", "{BBDAF4EF-8DE1-4149-9D8A-7F7722303238}"
EndProject
Global
	GlobalSection(SolutionConfigurationPlatforms) = preSolution
		Debug|Any CPU = Debug|Any CPU
		Release|Any CPU = Release|Any CPU
	EndGlobalSection
	GlobalSection(ProjectConfigurationPlatforms) = postSolution
		{BBDAF4EF-8DE1-4149-9D8A-7F7722303238}.Debug|Any CPU.ActiveCfg = Debug|Any CPU
		{BBDAF4EF-8DE1-4149-9D8A-7F7722303238}.Debug|Any CPU.Build.0 = Debug|Any CPU
		{BBDAF4EF-8DE1-4149-9D8A-7F7722303238}.Release|Any CPU.ActiveCfg = Release|Any CPU
		{BBDAF4EF-8DE1-4149-9D8A-7F7722303238}.Release|Any CPU.Build.0 = Release|Any CPU
	EndGlobalSection
	GlobalSection(SolutionProperties) = preSolution
		HideSolutionNode = FALSE
	EndGlobalSection
	GlobalSection(ExtensibilityGlobals) = postSolution
		SolutionGuid = {BF801567-4158-44D5-B574-E643B0F5B478}
	EndGlobalSection
EndGlobal
